<?xml version="1.0" encoding="utf-8"?>
<Project ToolsVersion="4.0" xmlns="http://schemas.microsoft.com/developer/msbuild/2003">
  <ItemGroup>
    <Filter Include="Source Files">
      <UniqueIdentifier>{4FC737F1-C7A5-4376-A066-2A32D752A2FF}</UniqueIdentifier>
      <Extensions>cpp;c;cc;cxx;def;odl;idl;hpj;bat;asm;asmx</Extensions>
    </Filter>
    <Filter Include="Header Files">
      <UniqueIdentifier>{93995380-89BD-4b04-88EB-625FBE52EBFB}</UniqueIdentifier>
      <Extensions>h;hh;hpp;hxx;hm;inl;inc;ipp;xsd</Extensions>
    </Filter>
    <Filter Include="Resource Files">
      <UniqueIdentifier>{67DA6AB6-F800-4c08-8B7A-83BB121AAD01}</UniqueIdentifier>
      <Extensions>rc;ico;cur;bmp;dlg;rc2;rct;bin;rgs;gif;jpg;jpeg;jpe;resx;tiff;tif;png;wav;mfcribbon-ms</Extensions>
    </Filter>
    <Filter Include="Source Files\core">
      <UniqueIdentifier>{17da991a-c20d-44d0-8aac-59836e721363}</UniqueIdentifier>
    </Filter>
    <Filter Include="Source Files\core\math">
      <UniqueIdentifier>{ff95406b-3881-45b1-a814-2c1a7df0a362}</UniqueIdentifier>
    </Filter>
    <Filter Include="Source Files\core\graphics">
      <UniqueIdentifier>{04aec17b-1b1b-481c-baf1-5705e2c4b38e}</UniqueIdentifier>
    </Filter>
    <Filter Include="Source Files\core\until">
      <UniqueIdentifier>{c3d21a47-beaf-4cd3-86c7-110d2161c0e0}</UniqueIdentifier>
    </Filter>
    <Filter Include="Source Files\core\graphics\buffers">
      <UniqueIdentifier>{f2005f9e-8a9c-4eb2-98b9-a5a77842e04d}</UniqueIdentifier>
    </Filter>
    <Filter Include="Source Files\core\graphics\layers">
      <UniqueIdentifier>{9409a8ce-e8c5-4305-953e-a81f16b9ea01}</UniqueIdentifier>
    </Filter>
  </ItemGroup>
  <ItemGroup>
    <ClCompile Include="main.cpp">
      <Filter>Source Files</Filter>
    </ClCompile>
    <ClCompile Include="window.cpp">
      <Filter>Source Files\core\graphics</Filter>
    </ClCompile>
    <ClCompile Include="shader.cpp">
      <Filter>Source Files\core\graphics</Filter>
    </ClCompile>
    <ClCompile Include="buffer.cpp">
      <Filter>Source Files\core\graphics\buffers</Filter>
    </ClCompile>
    <ClCompile Include="indexBuffer.cpp">
      <Filter>Source Files\core\graphics\buffers</Filter>
    </ClCompile>
    <ClCompile Include="VertexArray.cpp">
      <Filter>Source Files\core\graphics\buffers</Filter>
    </ClCompile>
    <ClCompile Include="simpleRenderer2d.cpp">
      <Filter>Source Files\core\graphics</Filter>
    </ClCompile>
    <ClCompile Include="batchRenderer2D.cpp">
      <Filter>Source Files\core\graphics</Filter>
    </ClCompile>
    <ClCompile Include="static_sprite.cpp">
      <Filter>Source Files\core\graphics</Filter>
    </ClCompile>
    <ClCompile Include="sprite.cpp">
      <Filter>Source Files\core\graphics</Filter>
    </ClCompile>
    <ClCompile Include="layer.cpp">
      <Filter>Source Files\core\graphics\layers</Filter>
    </ClCompile>
    <ClCompile Include="tieLayer.cpp">
      <Filter>Source Files\core\graphics\layers</Filter>
    </ClCompile>
  </ItemGroup>
  <ItemGroup>
    <ClInclude Include="window.h">
      <Filter>Source Files\core\graphics</Filter>
    </ClInclude>
    <ClInclude Include="Math.h">
      <Filter>Source Files\core\math</Filter>
    </ClInclude>
    <ClInclude Include="shader.h">
      <Filter>Source Files\core\graphics</Filter>
    </ClInclude>
    <ClInclude Include="renderable2d.h">
      <Filter>Source Files\core\graphics</Filter>
    </ClInclude>
    <ClInclude Include="buffer.h">
      <Filter>Source Files\core\graphics\buffers</Filter>
    </ClInclude>
    <ClInclude Include="indexBuffer.h">
      <Filter>Source Files\core\graphics\buffers</Filter>
    </ClInclude>
    <ClInclude Include="VertexArray.h">
      <Filter>Source Files\core\graphics\buffers</Filter>
    </ClInclude>
    <ClInclude Include="renderer2d.h">
      <Filter>Source Files\core\graphics</Filter>
    </ClInclude>
    <ClInclude Include="simpleRenderer2d.h">
      <Filter>Source Files\core\graphics</Filter>
    </ClInclude>
    <ClInclude Include="batchRenderer2D.h">
      <Filter>Source Files\core\graphics</Filter>
    </ClInclude>
    <ClInclude Include="static_sprite.h">
      <Filter>Source Files\core\graphics</Filter>
    </ClInclude>
    <ClInclude Include="sprite.h">
      <Filter>Source Files\core\graphics</Filter>
    </ClInclude>
    <ClInclude Include="layer.h">
      <Filter>Source Files\core\graphics\layers</Filter>
    </ClInclude>
    <ClInclude Include="tileLayer.h">
      <Filter>Source Files\core\graphics\layers</Filter>
    </ClInclude>
  </ItemGroup>
</Project>